
Microsoft Visual Studio Solution File, Format Version 12.00
# Visual Studio Version 16
VisualStudioVersion = 16.0.29025.244
MinimumVisualStudioVersion = 10.0.40219.1
Project("{9A19103F-16F7-4668-BE54-9A1E7A4F7556}") = "Audit", "Audit.csproj", "{CA4A8231-71F8-4B2C-AEC6-D49FF4C1D1A4}"
EndProject
Global
	GlobalSection(SolutionConfigurationPlatforms) = preSolution
		Debug|Any CPU = Debug|Any CPU
		Release|Any CPU = Release|Any CPU
	EndGlobalSection
	GlobalSection(ProjectConfigurationPlatforms) = postSolution
		{CA4A8231-71F8-4B2C-AEC6-D49FF4C1D1A4}.Debug|Any CPU.ActiveCfg = Debug|Any CPU
		{CA4A8231-71F8-4B2C-AEC6-D49FF4C1D1A4}.Debug|Any CPU.Build.0 = Debug|Any CPU
		{CA4A8231-71F8-4B2C-AEC6-D49FF4C1D1A4}.Release|Any CPU.ActiveCfg = Release|Any CPU
		{CA4A8231-71F8-4B2C-AEC6-D49FF4C1D1A4}.Release|Any CPU.Build.0 = Release|Any CPU
	EndGlobalSection
	GlobalSection(SolutionProperties) = preSolution
		HideSolutionNode = FALSE
	EndGlobalSection
	GlobalSection(ExtensibilityGlobals) = postSolution
		SolutionGuid = {07E133DA-99AE-43E1-BB08-514E2559B453}
	EndGlobalSection
EndGlobal
