
Microsoft Visual Studio Solution File, Format Version 12.00
# Visual Studio Version 16
VisualStudioVersion = 16.0.29025.244
MinimumVisualStudioVersion = 10.0.40219.1
Project("{9A19103F-16F7-4668-BE54-9A1E7A4F7556}") = "Web App", "Web App.csproj", "{A561DE29-D834-4F28-ADB8-211DFAB039DF}"
EndProject
Global
	GlobalSection(SolutionConfigurationPlatforms) = preSolution
		Debug|Any CPU = Debug|Any CPU
		Release|Any CPU = Release|Any CPU
	EndGlobalSection
	GlobalSection(ProjectConfigurationPlatforms) = postSolution
		{A561DE29-D834-4F28-ADB8-211DFAB039DF}.Debug|Any CPU.ActiveCfg = Debug|Any CPU
		{A561DE29-D834-4F28-ADB8-211DFAB039DF}.Debug|Any CPU.Build.0 = Debug|Any CPU
		{A561DE29-D834-4F28-ADB8-211DFAB039DF}.Release|Any CPU.ActiveCfg = Release|Any CPU
		{A561DE29-D834-4F28-ADB8-211DFAB039DF}.Release|Any CPU.Build.0 = Release|Any CPU
	EndGlobalSection
	GlobalSection(SolutionProperties) = preSolution
		HideSolutionNode = FALSE
	EndGlobalSection
	GlobalSection(ExtensibilityGlobals) = postSolution
		SolutionGuid = {07E133DA-99AE-43E1-BB08-514E2559B453}
	EndGlobalSection
EndGlobal
